#
# This file is autogenerated by pip-compile with Python 3.13
# by the following command:
#
#    pip-compile --output-file=/Users/thomasthiadens/Ainstein/requirements.lock /Users/thomasthiadens/Ainstein/requirements.txt
#
annotated-types==0.7.0
    # via pydantic
anthropic==0.97.0
    # via -r /Users/thomasthiadens/Ainstein/requirements.txt
anyio==4.13.0
    # via
    #   anthropic
    #   httpx
certifi==2026.4.22
    # via
    #   httpcore
    #   httpx
    #   requests
cffi==2.0.0
    # via cryptography
charset-normalizer==3.4.7
    # via requests
click==8.3.3
    # via ddgs
cryptography==47.0.0
    # via google-auth
ddgs==9.14.1
    # via -r /Users/thomasthiadens/Ainstein/requirements.txt
distro==1.9.0
    # via anthropic
docstring-parser==0.18.0
    # via anthropic
et-xmlfile==2.0.0
    # via openpyxl
google-api-core==2.30.3
    # via google-api-python-client
google-api-python-client==2.194.0
    # via -r /Users/thomasthiadens/Ainstein/requirements.txt
google-auth==2.49.2
    # via
    #   google-api-core
    #   google-api-python-client
    #   google-auth-httplib2
    #   google-auth-oauthlib
google-auth-httplib2==0.3.1
    # via
    #   -r /Users/thomasthiadens/Ainstein/requirements.txt
    #   google-api-python-client
google-auth-oauthlib==1.3.1
    # via -r /Users/thomasthiadens/Ainstein/requirements.txt
googleapis-common-protos==1.74.0
    # via google-api-core
h11==0.16.0
    # via httpcore
httpcore==1.0.9
    # via httpx
httplib2==0.31.2
    # via
    #   google-api-python-client
    #   google-auth-httplib2
httpx==0.28.1
    # via anthropic
idna==3.13
    # via
    #   anyio
    #   httpx
    #   requests
jiter==0.14.0
    # via anthropic
lxml==6.1.0
    # via
    #   ddgs
    #   python-docx
    #   python-pptx
oauthlib==3.3.1
    # via requests-oauthlib
openpyxl==3.1.5
    # via -r /Users/thomasthiadens/Ainstein/requirements.txt
pillow==12.2.0
    # via python-pptx
primp==1.2.3
    # via ddgs
proto-plus==1.27.2
    # via google-api-core
protobuf==7.34.1
    # via
    #   google-api-core
    #   googleapis-common-protos
    #   proto-plus
pyasn1==0.6.3
    # via pyasn1-modules
pyasn1-modules==0.4.2
    # via google-auth
pycparser==3.0
    # via cffi
pydantic==2.13.3
    # via anthropic
pydantic-core==2.46.3
    # via pydantic
pymupdf==1.27.2.3
    # via -r /Users/thomasthiadens/Ainstein/requirements.txt
pyparsing==3.3.2
    # via httplib2
pypdf==6.10.2
    # via -r /Users/thomasthiadens/Ainstein/requirements.txt
python-docx==1.2.0
    # via -r /Users/thomasthiadens/Ainstein/requirements.txt
python-dotenv==1.2.2
    # via -r /Users/thomasthiadens/Ainstein/requirements.txt
python-pptx==1.0.2
    # via -r /Users/thomasthiadens/Ainstein/requirements.txt
requests==2.33.1
    # via
    #   -r /Users/thomasthiadens/Ainstein/requirements.txt
    #   google-api-core
    #   requests-oauthlib
requests-oauthlib==2.0.0
    # via google-auth-oauthlib
slack-bolt==1.28.0
    # via -r /Users/thomasthiadens/Ainstein/requirements.txt
slack-sdk==3.41.0
    # via slack-bolt
sniffio==1.3.1
    # via anthropic
typing-extensions==4.15.0
    # via
    #   anthropic
    #   pydantic
    #   pydantic-core
    #   python-docx
    #   python-pptx
    #   typing-inspection
typing-inspection==0.4.2
    # via pydantic
uritemplate==4.2.0
    # via google-api-python-client
urllib3==2.6.3
    # via requests
xlsxwriter==3.2.9
    # via python-pptx
